
Microsoft Visual Studio Solution File, Format Version 12.00
# Visual Studio 15
VisualStudioVersion = 15.0.28307.489
MinimumVisualStudioVersion = 10.0.40219.1
Project("{9A19103F-16F7-4668-BE54-9A1E7A4F7556}") = "JsonDapper", "JsonDapper\JsonDapper.csproj", "{4D432F06-DA94-40D3-AAA7-F847144E03C5}"
EndProject
Project("{9A19103F-16F7-4668-BE54-9A1E7A4F7556}") = "JsonPath", "JsonPath\JsonPath.csproj", "{6302EBE4-249A-4318-B815-DA15FDFA8CF0}"
EndProject
Project("{9A19103F-16F7-4668-BE54-9A1E7A4F7556}") = "XUnitTestJsonDapper", "XUnitTestJsonDapper\XUnitTestJsonDapper.csproj", "{5DBE2340-9389-41E4-9293-65BEF00A9820}"
EndProject
Project("{FAE04EC0-301F-11D3-BF4B-00C04F79EFBC}") = "XUnitTestJsonPath", "XUnitTestJsonPath\XUnitTestJsonPath.csproj", "{82CBF445-3F41-4074-8045-39C001351697}"
EndProject
Project("{FAE04EC0-301F-11D3-BF4B-00C04F79EFBC}") = "JsonEF", "JsonEF\JsonEF.csproj", "{7BB1E098-35D9-4FD7-B0F0-B705C857E588}"
EndProject
Project("{FAE04EC0-301F-11D3-BF4B-00C04F79EFBC}") = "XUnitJsonEF", "XUnitJsonEF\XUnitJsonEF.csproj", "{6E42AA71-72FB-4AC9-A2BE-9682D3771E59}"
EndProject
Global
	GlobalSection(SolutionConfigurationPlatforms) = preSolution
		Debug|Any CPU = Debug|Any CPU
		Release|Any CPU = Release|Any CPU
	EndGlobalSection
	GlobalSection(ProjectConfigurationPlatforms) = postSolution
		{4D432F06-DA94-40D3-AAA7-F847144E03C5}.Debug|Any CPU.ActiveCfg = Debug|Any CPU
		{4D432F06-DA94-40D3-AAA7-F847144E03C5}.Debug|Any CPU.Build.0 = Debug|Any CPU
		{4D432F06-DA94-40D3-AAA7-F847144E03C5}.Release|Any CPU.ActiveCfg = Release|Any CPU
		{4D432F06-DA94-40D3-AAA7-F847144E03C5}.Release|Any CPU.Build.0 = Release|Any CPU
		{6302EBE4-249A-4318-B815-DA15FDFA8CF0}.Debug|Any CPU.ActiveCfg = Debug|Any CPU
		{6302EBE4-249A-4318-B815-DA15FDFA8CF0}.Debug|Any CPU.Build.0 = Debug|Any CPU
		{6302EBE4-249A-4318-B815-DA15FDFA8CF0}.Release|Any CPU.ActiveCfg = Release|Any CPU
		{6302EBE4-249A-4318-B815-DA15FDFA8CF0}.Release|Any CPU.Build.0 = Release|Any CPU
		{5DBE2340-9389-41E4-9293-65BEF00A9820}.Debug|Any CPU.ActiveCfg = Debug|Any CPU
		{5DBE2340-9389-41E4-9293-65BEF00A9820}.Debug|Any CPU.Build.0 = Debug|Any CPU
		{5DBE2340-9389-41E4-9293-65BEF00A9820}.Release|Any CPU.ActiveCfg = Release|Any CPU
		{5DBE2340-9389-41E4-9293-65BEF00A9820}.Release|Any CPU.Build.0 = Release|Any CPU
		{82CBF445-3F41-4074-8045-39C001351697}.Debug|Any CPU.ActiveCfg = Debug|Any CPU
		{82CBF445-3F41-4074-8045-39C001351697}.Debug|Any CPU.Build.0 = Debug|Any CPU
		{82CBF445-3F41-4074-8045-39C001351697}.Release|Any CPU.ActiveCfg = Release|Any CPU
		{82CBF445-3F41-4074-8045-39C001351697}.Release|Any CPU.Build.0 = Release|Any CPU
		{7BB1E098-35D9-4FD7-B0F0-B705C857E588}.Debug|Any CPU.ActiveCfg = Debug|Any CPU
		{7BB1E098-35D9-4FD7-B0F0-B705C857E588}.Debug|Any CPU.Build.0 = Debug|Any CPU
		{7BB1E098-35D9-4FD7-B0F0-B705C857E588}.Release|Any CPU.ActiveCfg = Release|Any CPU
		{7BB1E098-35D9-4FD7-B0F0-B705C857E588}.Release|Any CPU.Build.0 = Release|Any CPU
		{6E42AA71-72FB-4AC9-A2BE-9682D3771E59}.Debug|Any CPU.ActiveCfg = Debug|Any CPU
		{6E42AA71-72FB-4AC9-A2BE-9682D3771E59}.Debug|Any CPU.Build.0 = Debug|Any CPU
		{6E42AA71-72FB-4AC9-A2BE-9682D3771E59}.Release|Any CPU.ActiveCfg = Release|Any CPU
		{6E42AA71-72FB-4AC9-A2BE-9682D3771E59}.Release|Any CPU.Build.0 = Release|Any CPU
	EndGlobalSection
	GlobalSection(SolutionProperties) = preSolution
		HideSolutionNode = FALSE
	EndGlobalSection
	GlobalSection(ExtensibilityGlobals) = postSolution
		SolutionGuid = {64563E08-502C-4829-852C-4313238A966E}
	EndGlobalSection
EndGlobal
