Microsoft Visual Studio Solution File, Format Version 12.00
# Visual Studio Version 17
VisualStudioVersion = 17.0.31903.59
MinimumVisualStudioVersion = 10.0.40219.1
Project("{9A19103F-16F7-4668-BE54-9A1E7A4F7556}") = "JsonEF_2_1", "JsonEF_2_1\JsonEF_2_1.csproj", "{7BB1E098-35D9-4FD7-B0F0-B705C857E588}"
EndProject
Project("{00D1A9C2-B5F0-4AF3-8072-F6C62B433612}") = "DB_Orm", "DB_Orm\DB_Orm.sqlproj", "{FD49AC67-817B-4E7A-8258-5D3F63FD54F6}"
EndProject
Project("{9A19103F-16F7-4668-BE54-9A1E7A4F7556}") = "JsonEF_3_1", "JsonEF_3_1\JsonEF_3_1.csproj", "{C333F3EA-495F-4CAF-A3B8-516FF66E7872}"
EndProject
Project("{9A19103F-16F7-4668-BE54-9A1E7A4F7556}") = "JsonEF_5_0", "JsonEF_5_0\JsonEF_5_0.csproj", "{161F4987-1BFD-4882-89FD-9B645D002701}"
EndProject
Project("{9A19103F-16F7-4668-BE54-9A1E7A4F7556}") = "JsonEF_6_0", "JsonEF_6_0\JsonEF_6_0.csproj", "{62ADB3D4-891E-4363-A877-AEE621ED112C}"
EndProject
Project("{9A19103F-16F7-4668-BE54-9A1E7A4F7556}") = "JsonDapper_6_0", "JsonDapper_6_0\JsonDapper_6_0.csproj", "{D47D81CA-183E-4CFE-9470-BF9909F5218A}"
EndProject
Project("{9A19103F-16F7-4668-BE54-9A1E7A4F7556}") = "JsonPath_6_0", "JsonPath_6_0\JsonPath_6_0.csproj", "{FC03984F-B7B1-4F00-BE23-EBA050F89066}"
EndProject
Project("{9A19103F-16F7-4668-BE54-9A1E7A4F7556}") = "JsonEF_7_0", "JsonEF_7_0\JsonEF_7_0.csproj", "{8FA09635-5C29-4A74-9191-747B4316607F}"
EndProject
Project("{9A19103F-16F7-4668-BE54-9A1E7A4F7556}") = "BenchmarkEF_3_1", "BenchmarkEF_3_1\BenchmarkEF_3_1.csproj", "{20FB0D34-DED9-4845-A0DB-D68625DEBEBF}"
EndProject
Project("{FAE04EC0-301F-11D3-BF4B-00C04F79EFBC}") = "BenchmarkEF_6", "BenchmarkEF\BenchmarkEF_6.csproj", "{AA442E23-494A-4FDA-BC93-96415916FE6F}"
EndProject
Global
	GlobalSection(SolutionConfigurationPlatforms) = preSolution
		Debug|Any CPU = Debug|Any CPU
		Release|Any CPU = Release|Any CPU
	EndGlobalSection
	GlobalSection(ProjectConfigurationPlatforms) = postSolution
		{7BB1E098-35D9-4FD7-B0F0-B705C857E588}.Debug|Any CPU.ActiveCfg = Debug|Any CPU
		{7BB1E098-35D9-4FD7-B0F0-B705C857E588}.Debug|Any CPU.Build.0 = Debug|Any CPU
		{7BB1E098-35D9-4FD7-B0F0-B705C857E588}.Release|Any CPU.ActiveCfg = Release|Any CPU
		{7BB1E098-35D9-4FD7-B0F0-B705C857E588}.Release|Any CPU.Build.0 = Release|Any CPU
		{FD49AC67-817B-4E7A-8258-5D3F63FD54F6}.Debug|Any CPU.ActiveCfg = Debug|Any CPU
		{FD49AC67-817B-4E7A-8258-5D3F63FD54F6}.Debug|Any CPU.Build.0 = Debug|Any CPU
		{FD49AC67-817B-4E7A-8258-5D3F63FD54F6}.Debug|Any CPU.Deploy.0 = Debug|Any CPU
		{FD49AC67-817B-4E7A-8258-5D3F63FD54F6}.Release|Any CPU.ActiveCfg = Release|Any CPU
		{FD49AC67-817B-4E7A-8258-5D3F63FD54F6}.Release|Any CPU.Build.0 = Release|Any CPU
		{FD49AC67-817B-4E7A-8258-5D3F63FD54F6}.Release|Any CPU.Deploy.0 = Release|Any CPU
		{C333F3EA-495F-4CAF-A3B8-516FF66E7872}.Debug|Any CPU.ActiveCfg = Debug|Any CPU
		{C333F3EA-495F-4CAF-A3B8-516FF66E7872}.Debug|Any CPU.Build.0 = Debug|Any CPU
		{C333F3EA-495F-4CAF-A3B8-516FF66E7872}.Release|Any CPU.ActiveCfg = Release|Any CPU
		{C333F3EA-495F-4CAF-A3B8-516FF66E7872}.Release|Any CPU.Build.0 = Release|Any CPU
		{161F4987-1BFD-4882-89FD-9B645D002701}.Debug|Any CPU.ActiveCfg = Debug|Any CPU
		{161F4987-1BFD-4882-89FD-9B645D002701}.Debug|Any CPU.Build.0 = Debug|Any CPU
		{161F4987-1BFD-4882-89FD-9B645D002701}.Release|Any CPU.ActiveCfg = Release|Any CPU
		{161F4987-1BFD-4882-89FD-9B645D002701}.Release|Any CPU.Build.0 = Release|Any CPU
		{62ADB3D4-891E-4363-A877-AEE621ED112C}.Debug|Any CPU.ActiveCfg = Debug|Any CPU
		{62ADB3D4-891E-4363-A877-AEE621ED112C}.Debug|Any CPU.Build.0 = Debug|Any CPU
		{62ADB3D4-891E-4363-A877-AEE621ED112C}.Release|Any CPU.ActiveCfg = Release|Any CPU
		{62ADB3D4-891E-4363-A877-AEE621ED112C}.Release|Any CPU.Build.0 = Release|Any CPU
		{D47D81CA-183E-4CFE-9470-BF9909F5218A}.Debug|Any CPU.ActiveCfg = Debug|Any CPU
		{D47D81CA-183E-4CFE-9470-BF9909F5218A}.Debug|Any CPU.Build.0 = Debug|Any CPU
		{D47D81CA-183E-4CFE-9470-BF9909F5218A}.Release|Any CPU.ActiveCfg = Release|Any CPU
		{D47D81CA-183E-4CFE-9470-BF9909F5218A}.Release|Any CPU.Build.0 = Release|Any CPU
		{FC03984F-B7B1-4F00-BE23-EBA050F89066}.Debug|Any CPU.ActiveCfg = Debug|Any CPU
		{FC03984F-B7B1-4F00-BE23-EBA050F89066}.Debug|Any CPU.Build.0 = Debug|Any CPU
		{FC03984F-B7B1-4F00-BE23-EBA050F89066}.Release|Any CPU.ActiveCfg = Release|Any CPU
		{FC03984F-B7B1-4F00-BE23-EBA050F89066}.Release|Any CPU.Build.0 = Release|Any CPU
		{8FA09635-5C29-4A74-9191-747B4316607F}.Debug|Any CPU.ActiveCfg = Debug|Any CPU
		{8FA09635-5C29-4A74-9191-747B4316607F}.Debug|Any CPU.Build.0 = Debug|Any CPU
		{8FA09635-5C29-4A74-9191-747B4316607F}.Release|Any CPU.ActiveCfg = Release|Any CPU
		{8FA09635-5C29-4A74-9191-747B4316607F}.Release|Any CPU.Build.0 = Release|Any CPU
		{20FB0D34-DED9-4845-A0DB-D68625DEBEBF}.Debug|Any CPU.ActiveCfg = Debug|Any CPU
		{20FB0D34-DED9-4845-A0DB-D68625DEBEBF}.Debug|Any CPU.Build.0 = Debug|Any CPU
		{20FB0D34-DED9-4845-A0DB-D68625DEBEBF}.Release|Any CPU.ActiveCfg = Release|Any CPU
		{20FB0D34-DED9-4845-A0DB-D68625DEBEBF}.Release|Any CPU.Build.0 = Release|Any CPU
		{AA442E23-494A-4FDA-BC93-96415916FE6F}.Debug|Any CPU.ActiveCfg = Debug|Any CPU
		{AA442E23-494A-4FDA-BC93-96415916FE6F}.Debug|Any CPU.Build.0 = Debug|Any CPU
		{AA442E23-494A-4FDA-BC93-96415916FE6F}.Release|Any CPU.ActiveCfg = Release|Any CPU
		{AA442E23-494A-4FDA-BC93-96415916FE6F}.Release|Any CPU.Build.0 = Release|Any CPU
	EndGlobalSection
	GlobalSection(SolutionProperties) = preSolution
		HideSolutionNode = FALSE
	EndGlobalSection
	GlobalSection(ExtensibilityGlobals) = postSolution
		SolutionGuid = {64563E08-502C-4829-852C-4313238A966E}
	EndGlobalSection
EndGlobal
